
Microsoft Visual Studio Solution File, Format Version 12.00
# Visual Studio 15
VisualStudioVersion = 15.0.28307.136
MinimumVisualStudioVersion = 10.0.40219.1
Project("{2150E333-8FDC-42A3-9474-1A3956D46DE8}") = "src", "src", "{AD4A47B1-5344-438B-B384-C4B178772580}"
EndProject
Project("{2150E333-8FDC-42A3-9474-1A3956D46DE8}") = "common", "common", "{59583001-A7A8-46C3-9F89-2150682DB33C}"
EndProject
Project("{2150E333-8FDC-42A3-9474-1A3956D46DE8}") = "providers", "providers", "{729292D8-96C0-4267-AFD1-4A6EBA2589EF}"
EndProject
Project("{2150E333-8FDC-42A3-9474-1A3956D46DE8}") = "web", "web", "{E5E50B21-3C6E-4CA6-BA39-C67BD71973B8}"
EndProject
Project("{9A19103F-16F7-4668-BE54-9A1E7A4F7556}") = "Godzilla", "src\common\Godzilla\Godzilla.csproj", "{FAC00519-DDAC-4FF3-9806-9F4CCF0D5BA9}"
EndProject
Project("{9A19103F-16F7-4668-BE54-9A1E7A4F7556}") = "Godzilla.DemoWebApp", "src\web\Godzilla.DemoWebApp\Godzilla.DemoWebApp.csproj", "{59CC3D16-5027-434B-8960-AB1C8D2B271E}"
EndProject
Project("{E53339B2-1760-4266-BCC7-CA923CBCF16C}") = "docker-compose", "docker-compose.dcproj", "{54FAD63A-B872-4640-88B8-F103D57EB38F}"
EndProject
Project("{9A19103F-16F7-4668-BE54-9A1E7A4F7556}") = "Godzilla.Mongo", "src\providers\Godzilla.Mongo\Godzilla.Mongo.csproj", "{2B3D8401-1503-486F-86F7-9A9BB86292C7}"
EndProject
Project("{9A19103F-16F7-4668-BE54-9A1E7A4F7556}") = "Godzilla.UnitTests", "src\common\Godzilla.UnitTests\Godzilla.UnitTests.csproj", "{49110507-C95E-4C28-B7BC-09B413F1B137}"
EndProject
Project("{FAE04EC0-301F-11D3-BF4B-00C04F79EFBC}") = "Godzilla.Mongo.FunctionalTests", "src\providers\Godzilla.Mongo.FunctionalTests\Godzilla.Mongo.FunctionalTests.csproj", "{A8DF7689-900E-411E-A562-43E8A61CE2FA}"
EndProject
Global
	GlobalSection(SolutionConfigurationPlatforms) = preSolution
		Debug|Any CPU = Debug|Any CPU
		Release|Any CPU = Release|Any CPU
	EndGlobalSection
	GlobalSection(ProjectConfigurationPlatforms) = postSolution
		{FAC00519-DDAC-4FF3-9806-9F4CCF0D5BA9}.Debug|Any CPU.ActiveCfg = Debug|Any CPU
		{FAC00519-DDAC-4FF3-9806-9F4CCF0D5BA9}.Debug|Any CPU.Build.0 = Debug|Any CPU
		{FAC00519-DDAC-4FF3-9806-9F4CCF0D5BA9}.Release|Any CPU.ActiveCfg = Release|Any CPU
		{FAC00519-DDAC-4FF3-9806-9F4CCF0D5BA9}.Release|Any CPU.Build.0 = Release|Any CPU
		{59CC3D16-5027-434B-8960-AB1C8D2B271E}.Debug|Any CPU.ActiveCfg = Debug|Any CPU
		{59CC3D16-5027-434B-8960-AB1C8D2B271E}.Debug|Any CPU.Build.0 = Debug|Any CPU
		{59CC3D16-5027-434B-8960-AB1C8D2B271E}.Release|Any CPU.ActiveCfg = Release|Any CPU
		{59CC3D16-5027-434B-8960-AB1C8D2B271E}.Release|Any CPU.Build.0 = Release|Any CPU
		{54FAD63A-B872-4640-88B8-F103D57EB38F}.Debug|Any CPU.ActiveCfg = Debug|Any CPU
		{54FAD63A-B872-4640-88B8-F103D57EB38F}.Debug|Any CPU.Build.0 = Debug|Any CPU
		{54FAD63A-B872-4640-88B8-F103D57EB38F}.Release|Any CPU.ActiveCfg = Release|Any CPU
		{54FAD63A-B872-4640-88B8-F103D57EB38F}.Release|Any CPU.Build.0 = Release|Any CPU
		{2B3D8401-1503-486F-86F7-9A9BB86292C7}.Debug|Any CPU.ActiveCfg = Debug|Any CPU
		{2B3D8401-1503-486F-86F7-9A9BB86292C7}.Debug|Any CPU.Build.0 = Debug|Any CPU
		{2B3D8401-1503-486F-86F7-9A9BB86292C7}.Release|Any CPU.ActiveCfg = Release|Any CPU
		{2B3D8401-1503-486F-86F7-9A9BB86292C7}.Release|Any CPU.Build.0 = Release|Any CPU
		{49110507-C95E-4C28-B7BC-09B413F1B137}.Debug|Any CPU.ActiveCfg = Debug|Any CPU
		{49110507-C95E-4C28-B7BC-09B413F1B137}.Debug|Any CPU.Build.0 = Debug|Any CPU
		{49110507-C95E-4C28-B7BC-09B413F1B137}.Release|Any CPU.ActiveCfg = Release|Any CPU
		{49110507-C95E-4C28-B7BC-09B413F1B137}.Release|Any CPU.Build.0 = Release|Any CPU
		{A8DF7689-900E-411E-A562-43E8A61CE2FA}.Debug|Any CPU.ActiveCfg = Debug|Any CPU
		{A8DF7689-900E-411E-A562-43E8A61CE2FA}.Debug|Any CPU.Build.0 = Debug|Any CPU
		{A8DF7689-900E-411E-A562-43E8A61CE2FA}.Release|Any CPU.ActiveCfg = Release|Any CPU
		{A8DF7689-900E-411E-A562-43E8A61CE2FA}.Release|Any CPU.Build.0 = Release|Any CPU
	EndGlobalSection
	GlobalSection(SolutionProperties) = preSolution
		HideSolutionNode = FALSE
	EndGlobalSection
	GlobalSection(NestedProjects) = preSolution
		{59583001-A7A8-46C3-9F89-2150682DB33C} = {AD4A47B1-5344-438B-B384-C4B178772580}
		{729292D8-96C0-4267-AFD1-4A6EBA2589EF} = {AD4A47B1-5344-438B-B384-C4B178772580}
		{E5E50B21-3C6E-4CA6-BA39-C67BD71973B8} = {AD4A47B1-5344-438B-B384-C4B178772580}
		{FAC00519-DDAC-4FF3-9806-9F4CCF0D5BA9} = {59583001-A7A8-46C3-9F89-2150682DB33C}
		{59CC3D16-5027-434B-8960-AB1C8D2B271E} = {E5E50B21-3C6E-4CA6-BA39-C67BD71973B8}
		{2B3D8401-1503-486F-86F7-9A9BB86292C7} = {729292D8-96C0-4267-AFD1-4A6EBA2589EF}
		{49110507-C95E-4C28-B7BC-09B413F1B137} = {59583001-A7A8-46C3-9F89-2150682DB33C}
		{A8DF7689-900E-411E-A562-43E8A61CE2FA} = {729292D8-96C0-4267-AFD1-4A6EBA2589EF}
	EndGlobalSection
	GlobalSection(ExtensibilityGlobals) = postSolution
		SolutionGuid = {1F514669-3A1F-46A9-86D8-604DB0B72E86}
	EndGlobalSection
EndGlobal
